// !$*UTF8*$!
{
	archiveVersion = 1;
	classes = {
	};
	objectVersion = 50;
	objects = {

/* Begin PBXBuildFile section */
		43BCA1C023708EDB00A8F3EE /* AppDelegate.swift in Sources */ = {isa = PBXBuildFile; fileRef = 43BCA1BF23708EDB00A8F3EE /* AppDelegate.swift */; };
		43BCA1C223708EDB00A8F3EE /* SceneDelegate.swift in Sources */ = {isa = PBXBuildFile; fileRef = 43BCA1C123708EDB00A8F3EE /* SceneDelegate.swift */; };
		43BCA1C723708EDB00A8F3EE /* Main.storyboard in Resources */ = {isa = PBXBuildFile; fileRef = 43BCA1C523708EDB00A8F3EE /* Main.storyboard */; };
		43BCA1C923708EDC00A8F3EE /* Assets.xcassets in Resources */ = {isa = PBXBuildFile; fileRef = 43BCA1C823708EDC00A8F3EE /* Assets.xcassets */; };
		43BCA1CC23708EDC00A8F3EE /* LaunchScreen.storyboard in Resources */ = {isa = PBXBuildFile; fileRef = 43BCA1CA23708EDC00A8F3EE /* LaunchScreen.storyboard */; };
		43BCA1D62370E5A500A8F3EE /* Coordinator.swift in Sources */ = {isa = PBXBuildFile; fileRef = 43BCA1D52370E5A500A8F3EE /* Coordinator.swift */; };
		43BCA1DA2370FD9600A8F3EE /* Default-568h@2x.png in Resources */ = {isa = PBXBuildFile; fileRef = 43BCA1D92370FD9600A8F3EE /* Default-568h@2x.png */; };
		43BCA1DE2371003400A8F3EE /* Top.storyboard in Resources */ = {isa = PBXBuildFile; fileRef = 43BCA1DD2371003400A8F3EE /* Top.storyboard */; };
		43BCA1E62371005E00A8F3EE /* Details.storyboard in Resources */ = {isa = PBXBuildFile; fileRef = 43BCA1E52371005E00A8F3EE /* Details.storyboard */; };
		43BCA1F02371031600A8F3EE /* TabbarController.swift in Sources */ = {isa = PBXBuildFile; fileRef = 43BCA1EF2371031600A8F3EE /* TabbarController.swift */; };
		43BCA1F22371032100A8F3EE /* TopViewController.swift in Sources */ = {isa = PBXBuildFile; fileRef = 43BCA1F12371032100A8F3EE /* TopViewController.swift */; };
		43BCA1F62371033800A8F3EE /* HotViewController.swift in Sources */ = {isa = PBXBuildFile; fileRef = 43BCA1F52371033800A8F3EE /* HotViewController.swift */; };
		43BCA1FB2371043700A8F3EE /* PostDetailsViewController.swift in Sources */ = {isa = PBXBuildFile; fileRef = 43BCA1FA2371043700A8F3EE /* PostDetailsViewController.swift */; };
		43BCA1FD2371047F00A8F3EE /* FullImageViewController.swift in Sources */ = {isa = PBXBuildFile; fileRef = 43BCA1FC2371047F00A8F3EE /* FullImageViewController.swift */; };
		43BCA20123710F8900A8F3EE /* AppCoordinator.swift in Sources */ = {isa = PBXBuildFile; fileRef = 43BCA20023710F8900A8F3EE /* AppCoordinator.swift */; };
		43BCA20323710FF200A8F3EE /* Presentable.swift in Sources */ = {isa = PBXBuildFile; fileRef = 43BCA20223710FF200A8F3EE /* Presentable.swift */; };
		43BCA205237110D400A8F3EE /* Routable.swift in Sources */ = {isa = PBXBuildFile; fileRef = 43BCA204237110D400A8F3EE /* Routable.swift */; };
		43BCA2072371140000A8F3EE /* Router.swift in Sources */ = {isa = PBXBuildFile; fileRef = 43BCA2062371140000A8F3EE /* Router.swift */; };
		43BCA20A2371192400A8F3EE /* Storyboarded.swift in Sources */ = {isa = PBXBuildFile; fileRef = 43BCA2092371192400A8F3EE /* Storyboarded.swift */; };
		43BCA20C2371197D00A8F3EE /* StoryboardsEnum.swift in Sources */ = {isa = PBXBuildFile; fileRef = 43BCA20B2371197D00A8F3EE /* StoryboardsEnum.swift */; };
		43BCA2342371304300A8F3EE /* TopCoordinator.swift in Sources */ = {isa = PBXBuildFile; fileRef = 43BCA2332371304300A8F3EE /* TopCoordinator.swift */; };
		43BCA239237131BF00A8F3EE /* TopListDelegate.swift in Sources */ = {isa = PBXBuildFile; fileRef = 43BCA238237131BF00A8F3EE /* TopListDelegate.swift */; };
		43BCA23B2371347D00A8F3EE /* HotCoordinator.swift in Sources */ = {isa = PBXBuildFile; fileRef = 43BCA23A2371347D00A8F3EE /* HotCoordinator.swift */; };
		43BCA2612371447500A8F3EE /* Hot.storyboard in Resources */ = {isa = PBXBuildFile; fileRef = 43BCA2602371447500A8F3EE /* Hot.storyboard */; };
		43BCA263237145E800A8F3EE /* HotListDelegate.swift in Sources */ = {isa = PBXBuildFile; fileRef = 43BCA262237145E800A8F3EE /* HotListDelegate.swift */; };
		43BCA2652371485800A8F3EE /* Model.swift in Sources */ = {isa = PBXBuildFile; fileRef = 43BCA2642371485800A8F3EE /* Model.swift */; };
/* End PBXBuildFile section */

/* Begin PBXFileReference section */
		43BCA1BC23708EDB00A8F3EE /* SimpleRedditClient.app */ = {isa = PBXFileReference; explicitFileType = wrapper.application; includeInIndex = 0; path = SimpleRedditClient.app; sourceTree = BUILT_PRODUCTS_DIR; };
		43BCA1BF23708EDB00A8F3EE /* AppDelegate.swift */ = {isa = PBXFileReference; lastKnownFileType = sourcecode.swift; path = AppDelegate.swift; sourceTree = "<group>"; };
		43BCA1C123708EDB00A8F3EE /* SceneDelegate.swift */ = {isa = PBXFileReference; lastKnownFileType = sourcecode.swift; path = SceneDelegate.swift; sourceTree = "<group>"; };
		43BCA1C623708EDB00A8F3EE /* Base */ = {isa = PBXFileReference; lastKnownFileType = file.storyboard; name = Base; path = Base.lproj/Main.storyboard; sourceTree = "<group>"; };
		43BCA1C823708EDC00A8F3EE /* Assets.xcassets */ = {isa = PBXFileReference; lastKnownFileType = folder.assetcatalog; path = Assets.xcassets; sourceTree = "<group>"; };
		43BCA1CB23708EDC00A8F3EE /* Base */ = {isa = PBXFileReference; lastKnownFileType = file.storyboard; name = Base; path = Base.lproj/LaunchScreen.storyboard; sourceTree = "<group>"; };
		43BCA1CD23708EDC00A8F3EE /* Info.plist */ = {isa = PBXFileReference; lastKnownFileType = text.plist.xml; path = Info.plist; sourceTree = "<group>"; };
		43BCA1D52370E5A500A8F3EE /* Coordinator.swift */ = {isa = PBXFileReference; lastKnownFileType = sourcecode.swift; path = Coordinator.swift; sourceTree = "<group>"; };
		43BCA1D92370FD9600A8F3EE /* Default-568h@2x.png */ = {isa = PBXFileReference; lastKnownFileType = image.png; path = "Default-568h@2x.png"; sourceTree = "<group>"; };
		43BCA1DD2371003400A8F3EE /* Top.storyboard */ = {isa = PBXFileReference; lastKnownFileType = file.storyboard; path = Top.storyboard; sourceTree = "<group>"; };
		43BCA1E52371005E00A8F3EE /* Details.storyboard */ = {isa = PBXFileReference; lastKnownFileType = file.storyboard; path = Details.storyboard; sourceTree = "<group>"; };
		43BCA1EF2371031600A8F3EE /* TabbarController.swift */ = {isa = PBXFileReference; lastKnownFileType = sourcecode.swift; path = TabbarController.swift; sourceTree = "<group>"; };
		43BCA1F12371032100A8F3EE /* TopViewController.swift */ = {isa = PBXFileReference; lastKnownFileType = sourcecode.swift; path = TopViewController.swift; sourceTree = "<group>"; };
		43BCA1F52371033800A8F3EE /* HotViewController.swift */ = {isa = PBXFileReference; lastKnownFileType = sourcecode.swift; path = HotViewController.swift; sourceTree = "<group>"; };
		43BCA1FA2371043700A8F3EE /* PostDetailsViewController.swift */ = {isa = PBXFileReference; lastKnownFileType = sourcecode.swift; path = PostDetailsViewController.swift; sourceTree = "<group>"; };
		43BCA1FC2371047F00A8F3EE /* FullImageViewController.swift */ = {isa = PBXFileReference; lastKnownFileType = sourcecode.swift; path = FullImageViewController.swift; sourceTree = "<group>"; };
		43BCA20023710F8900A8F3EE /* AppCoordinator.swift */ = {isa = PBXFileReference; lastKnownFileType = sourcecode.swift; path = AppCoordinator.swift; sourceTree = "<group>"; };
		43BCA20223710FF200A8F3EE /* Presentable.swift */ = {isa = PBXFileReference; lastKnownFileType = sourcecode.swift; path = Presentable.swift; sourceTree = "<group>"; };
		43BCA204237110D400A8F3EE /* Routable.swift */ = {isa = PBXFileReference; lastKnownFileType = sourcecode.swift; path = Routable.swift; sourceTree = "<group>"; };
		43BCA2062371140000A8F3EE /* Router.swift */ = {isa = PBXFileReference; lastKnownFileType = sourcecode.swift; name = Router.swift; path = SimpleRedditClient/Coordinator/Router.swift; sourceTree = SOURCE_ROOT; };
		43BCA2092371192400A8F3EE /* Storyboarded.swift */ = {isa = PBXFileReference; lastKnownFileType = sourcecode.swift; path = Storyboarded.swift; sourceTree = "<group>"; };
		43BCA20B2371197D00A8F3EE /* StoryboardsEnum.swift */ = {isa = PBXFileReference; lastKnownFileType = sourcecode.swift; path = StoryboardsEnum.swift; sourceTree = "<group>"; };
		43BCA2332371304300A8F3EE /* TopCoordinator.swift */ = {isa = PBXFileReference; lastKnownFileType = sourcecode.swift; path = TopCoordinator.swift; sourceTree = "<group>"; };
		43BCA238237131BF00A8F3EE /* TopListDelegate.swift */ = {isa = PBXFileReference; lastKnownFileType = sourcecode.swift; path = TopListDelegate.swift; sourceTree = "<group>"; };
		43BCA23A2371347D00A8F3EE /* HotCoordinator.swift */ = {isa = PBXFileReference; lastKnownFileType = sourcecode.swift; path = HotCoordinator.swift; sourceTree = "<group>"; };
		43BCA2602371447500A8F3EE /* Hot.storyboard */ = {isa = PBXFileReference; fileEncoding = 4; lastKnownFileType = file.storyboard; path = Hot.storyboard; sourceTree = "<group>"; };
		43BCA262237145E800A8F3EE /* HotListDelegate.swift */ = {isa = PBXFileReference; lastKnownFileType = sourcecode.swift; path = HotListDelegate.swift; sourceTree = "<group>"; };
		43BCA2642371485800A8F3EE /* Model.swift */ = {isa = PBXFileReference; lastKnownFileType = sourcecode.swift; path = Model.swift; sourceTree = "<group>"; };
/* End PBXFileReference section */

/* Begin PBXFrameworksBuildPhase section */
		43BCA1B923708EDB00A8F3EE /* Frameworks */ = {
			isa = PBXFrameworksBuildPhase;
			buildActionMask = 2147483647;
			files = (
			);
			runOnlyForDeploymentPostprocessing = 0;
		};
/* End PBXFrameworksBuildPhase section */

/* Begin PBXGroup section */
		43BCA1B323708EDB00A8F3EE = {
			isa = PBXGroup;
			children = (
				43BCA1BE23708EDB00A8F3EE /* SimpleRedditClient */,
				43BCA1BD23708EDB00A8F3EE /* Products */,
			);
			sourceTree = "<group>";
		};
		43BCA1BD23708EDB00A8F3EE /* Products */ = {
			isa = PBXGroup;
			children = (
				43BCA1BC23708EDB00A8F3EE /* SimpleRedditClient.app */,
			);
			name = Products;
			sourceTree = "<group>";
		};
		43BCA1BE23708EDB00A8F3EE /* SimpleRedditClient */ = {
			isa = PBXGroup;
			children = (
				43BCA1FE2371053400A8F3EE /* AppDelegate */,
				43BCA1ED237101B600A8F3EE /* Model */,
				43BCA1EE237101BC00A8F3EE /* Networking */,
				43BCA1D32370E52900A8F3EE /* Coordinator */,
				43BCA2082371189E00A8F3EE /* Helpers */,
				43BCA1DB2371000300A8F3EE /* Flows */,
				43BCA1DC2371000C00A8F3EE /* Views */,
				43BCA1FF2371054400A8F3EE /* Supporting Files */,
			);
			path = SimpleRedditClient;
			sourceTree = "<group>";
		};
		43BCA1D32370E52900A8F3EE /* Coordinator */ = {
			isa = PBXGroup;
			children = (
				43BCA1D42370E54F00A8F3EE /* Protocols */,
				43BCA20023710F8900A8F3EE /* AppCoordinator.swift */,
				43BCA2062371140000A8F3EE /* Router.swift */,
			);
			path = Coordinator;
			sourceTree = "<group>";
		};
		43BCA1D42370E54F00A8F3EE /* Protocols */ = {
			isa = PBXGroup;
			children = (
				43BCA1D52370E5A500A8F3EE /* Coordinator.swift */,
				43BCA20223710FF200A8F3EE /* Presentable.swift */,
				43BCA204237110D400A8F3EE /* Routable.swift */,
			);
			path = Protocols;
			sourceTree = "<group>";
		};
		43BCA1DB2371000300A8F3EE /* Flows */ = {
			isa = PBXGroup;
			children = (
				43BCA2372371319D00A8F3EE /* Protocols */,
				43BCA1E82371015100A8F3EE /* Main */,
				43BCA1E92371015800A8F3EE /* Top */,
				43BCA1EB2371017D00A8F3EE /* Hot */,
				43BCA1F9237103F500A8F3EE /* Details */,
			);
			path = Flows;
			sourceTree = "<group>";
		};
		43BCA1DC2371000C00A8F3EE /* Views */ = {
			isa = PBXGroup;
			children = (
				43BCA1C523708EDB00A8F3EE /* Main.storyboard */,
				43BCA1DD2371003400A8F3EE /* Top.storyboard */,
				43BCA2602371447500A8F3EE /* Hot.storyboard */,
				43BCA1E52371005E00A8F3EE /* Details.storyboard */,
				43BCA20B2371197D00A8F3EE /* StoryboardsEnum.swift */,
			);
			path = Views;
			sourceTree = "<group>";
		};
		43BCA1E82371015100A8F3EE /* Main */ = {
			isa = PBXGroup;
			children = (
				43BCA1EF2371031600A8F3EE /* TabbarController.swift */,
			);
			path = Main;
			sourceTree = "<group>";
		};
		43BCA1E92371015800A8F3EE /* Top */ = {
			isa = PBXGroup;
			children = (
				43BCA1F12371032100A8F3EE /* TopViewController.swift */,
				43BCA2332371304300A8F3EE /* TopCoordinator.swift */,
			);
			path = Top;
			sourceTree = "<group>";
		};
		43BCA1EB2371017D00A8F3EE /* Hot */ = {
			isa = PBXGroup;
			children = (
				43BCA1F52371033800A8F3EE /* HotViewController.swift */,
				43BCA23A2371347D00A8F3EE /* HotCoordinator.swift */,
			);
			path = Hot;
			sourceTree = "<group>";
		};
		43BCA1ED237101B600A8F3EE /* Model */ = {
			isa = PBXGroup;
			children = (
				43BCA2642371485800A8F3EE /* Model.swift */,
			);
			path = Model;
			sourceTree = "<group>";
		};
		43BCA1EE237101BC00A8F3EE /* Networking */ = {
			isa = PBXGroup;
			children = (
			);
			path = Networking;
			sourceTree = "<group>";
		};
		43BCA1F9237103F500A8F3EE /* Details */ = {
			isa = PBXGroup;
			children = (
				43BCA1FA2371043700A8F3EE /* PostDetailsViewController.swift */,
				43BCA1FC2371047F00A8F3EE /* FullImageViewController.swift */,
			);
			path = Details;
			sourceTree = "<group>";
		};
		43BCA1FE2371053400A8F3EE /* AppDelegate */ = {
			isa = PBXGroup;
			children = (
				43BCA1BF23708EDB00A8F3EE /* AppDelegate.swift */,
				43BCA1C123708EDB00A8F3EE /* SceneDelegate.swift */,
			);
			path = AppDelegate;
			sourceTree = "<group>";
		};
		43BCA1FF2371054400A8F3EE /* Supporting Files */ = {
			isa = PBXGroup;
			children = (
				43BCA1D92370FD9600A8F3EE /* Default-568h@2x.png */,
				43BCA1C823708EDC00A8F3EE /* Assets.xcassets */,
				43BCA1CA23708EDC00A8F3EE /* LaunchScreen.storyboard */,
				43BCA1CD23708EDC00A8F3EE /* Info.plist */,
			);
			path = "Supporting Files";
			sourceTree = "<group>";
		};
		43BCA2082371189E00A8F3EE /* Helpers */ = {
			isa = PBXGroup;
			children = (
				43BCA2092371192400A8F3EE /* Storyboarded.swift */,
			);
			path = Helpers;
			sourceTree = "<group>";
		};
		43BCA2372371319D00A8F3EE /* Protocols */ = {
			isa = PBXGroup;
			children = (
				43BCA238237131BF00A8F3EE /* TopListDelegate.swift */,
				43BCA262237145E800A8F3EE /* HotListDelegate.swift */,
			);
			path = Protocols;
			sourceTree = "<group>";
		};
/* End PBXGroup section */

/* Begin PBXNativeTarget section */
		43BCA1BB23708EDB00A8F3EE /* SimpleRedditClient */ = {
			isa = PBXNativeTarget;
			buildConfigurationList = 43BCA1D023708EDC00A8F3EE /* Build configuration list for PBXNativeTarget "SimpleRedditClient" */;
			buildPhases = (
				43BCA1B823708EDB00A8F3EE /* Sources */,
				43BCA1B923708EDB00A8F3EE /* Frameworks */,
				43BCA1BA23708EDB00A8F3EE /* Resources */,
			);
			buildRules = (
			);
			dependencies = (
			);
			name = SimpleRedditClient;
			productName = SimpleRedditClient;
			productReference = 43BCA1BC23708EDB00A8F3EE /* SimpleRedditClient.app */;
			productType = "com.apple.product-type.application";
		};
/* End PBXNativeTarget section */

/* Begin PBXProject section */
		43BCA1B423708EDB00A8F3EE /* Project object */ = {
			isa = PBXProject;
			attributes = {
				LastSwiftUpdateCheck = 1120;
				LastUpgradeCheck = 1120;
				ORGANIZATIONNAME = "Bogdan Yatsiuk";
				TargetAttributes = {
					43BCA1BB23708EDB00A8F3EE = {
						CreatedOnToolsVersion = 11.2;
					};
				};
			};
			buildConfigurationList = 43BCA1B723708EDB00A8F3EE /* Build configuration list for PBXProject "SimpleRedditClient" */;
			compatibilityVersion = "Xcode 9.3";
			developmentRegion = en;
			hasScannedForEncodings = 0;
			knownRegions = (
				en,
				Base,
			);
			mainGroup = 43BCA1B323708EDB00A8F3EE;
			productRefGroup = 43BCA1BD23708EDB00A8F3EE /* Products */;
			projectDirPath = "";
			projectRoot = "";
			targets = (
				43BCA1BB23708EDB00A8F3EE /* SimpleRedditClient */,
			);
		};
/* End PBXProject section */

/* Begin PBXResourcesBuildPhase section */
		43BCA1BA23708EDB00A8F3EE /* Resources */ = {
			isa = PBXResourcesBuildPhase;
			buildActionMask = 2147483647;
			files = (
				43BCA2612371447500A8F3EE /* Hot.storyboard in Resources */,
				43BCA1CC23708EDC00A8F3EE /* LaunchScreen.storyboard in Resources */,
				43BCA1DA2370FD9600A8F3EE /* Default-568h@2x.png in Resources */,
				43BCA1C923708EDC00A8F3EE /* Assets.xcassets in Resources */,
				43BCA1C723708EDB00A8F3EE /* Main.storyboard in Resources */,
				43BCA1DE2371003400A8F3EE /* Top.storyboard in Resources */,
				43BCA1E62371005E00A8F3EE /* Details.storyboard in Resources */,
			);
			runOnlyForDeploymentPostprocessing = 0;
		};
/* End PBXResourcesBuildPhase section */

/* Begin PBXSourcesBuildPhase section */
		43BCA1B823708EDB00A8F3EE /* Sources */ = {
			isa = PBXSourcesBuildPhase;
			buildActionMask = 2147483647;
			files = (
				43BCA263237145E800A8F3EE /* HotListDelegate.swift in Sources */,
				43BCA1F22371032100A8F3EE /* TopViewController.swift in Sources */,
				43BCA20C2371197D00A8F3EE /* StoryboardsEnum.swift in Sources */,
				43BCA1D62370E5A500A8F3EE /* Coordinator.swift in Sources */,
				43BCA205237110D400A8F3EE /* Routable.swift in Sources */,
				43BCA1FD2371047F00A8F3EE /* FullImageViewController.swift in Sources */,
				43BCA1C023708EDB00A8F3EE /* AppDelegate.swift in Sources */,
				43BCA2342371304300A8F3EE /* TopCoordinator.swift in Sources */,
				43BCA23B2371347D00A8F3EE /* HotCoordinator.swift in Sources */,
				43BCA1F62371033800A8F3EE /* HotViewController.swift in Sources */,
				43BCA20323710FF200A8F3EE /* Presentable.swift in Sources */,
				43BCA239237131BF00A8F3EE /* TopListDelegate.swift in Sources */,
				43BCA1F02371031600A8F3EE /* TabbarController.swift in Sources */,
				43BCA2072371140000A8F3EE /* Router.swift in Sources */,
				43BCA20A2371192400A8F3EE /* Storyboarded.swift in Sources */,
				43BCA1C223708EDB00A8F3EE /* SceneDelegate.swift in Sources */,
				43BCA2652371485800A8F3EE /* Model.swift in Sources */,
				43BCA20123710F8900A8F3EE /* AppCoordinator.swift in Sources */,
				43BCA1FB2371043700A8F3EE /* PostDetailsViewController.swift in Sources */,
			);
			runOnlyForDeploymentPostprocessing = 0;
		};
/* End PBXSourcesBuildPhase section */

/* Begin PBXVariantGroup section */
		43BCA1C523708EDB00A8F3EE /* Main.storyboard */ = {
			isa = PBXVariantGroup;
			children = (
				43BCA1C623708EDB00A8F3EE /* Base */,
			);
			name = Main.storyboard;
			sourceTree = "<group>";
		};
		43BCA1CA23708EDC00A8F3EE /* LaunchScreen.storyboard */ = {
			isa = PBXVariantGroup;
			children = (
				43BCA1CB23708EDC00A8F3EE /* Base */,
			);
			name = LaunchScreen.storyboard;
			sourceTree = "<group>";
		};
/* End PBXVariantGroup section */

/* Begin XCBuildConfiguration section */
		43BCA1CE23708EDC00A8F3EE /* Debug */ = {
			isa = XCBuildConfiguration;
			buildSettings = {
				ALWAYS_SEARCH_USER_PATHS = NO;
				CLANG_ANALYZER_NONNULL = YES;
				CLANG_ANALYZER_NUMBER_OBJECT_CONVERSION = YES_AGGRESSIVE;
				CLANG_CXX_LANGUAGE_STANDARD = "gnu++14";
				CLANG_CXX_LIBRARY = "libc++";
				CLANG_ENABLE_MODULES = YES;
				CLANG_ENABLE_OBJC_ARC = YES;
				CLANG_ENABLE_OBJC_WEAK = YES;
				CLANG_WARN_BLOCK_CAPTURE_AUTORELEASING = YES;
				CLANG_WARN_BOOL_CONVERSION = YES;
				CLANG_WARN_COMMA = YES;
				CLANG_WARN_CONSTANT_CONVERSION = YES;
				CLANG_WARN_DEPRECATED_OBJC_IMPLEMENTATIONS = YES;
				CLANG_WARN_DIRECT_OBJC_ISA_USAGE = YES_ERROR;
				CLANG_WARN_DOCUMENTATION_COMMENTS = YES;
				CLANG_WARN_EMPTY_BODY = YES;
				CLANG_WARN_ENUM_CONVERSION = YES;
				CLANG_WARN_INFINITE_RECURSION = YES;
				CLANG_WARN_INT_CONVERSION = YES;
				CLANG_WARN_NON_LITERAL_NULL_CONVERSION = YES;
				CLANG_WARN_OBJC_IMPLICIT_RETAIN_SELF = YES;
				CLANG_WARN_OBJC_LITERAL_CONVERSION = YES;
				CLANG_WARN_OBJC_ROOT_CLASS = YES_ERROR;
				CLANG_WARN_RANGE_LOOP_ANALYSIS = YES;
				CLANG_WARN_STRICT_PROTOTYPES = YES;
				CLANG_WARN_SUSPICIOUS_MOVE = YES;
				CLANG_WARN_UNGUARDED_AVAILABILITY = YES_AGGRESSIVE;
				CLANG_WARN_UNREACHABLE_CODE = YES;
				CLANG_WARN__DUPLICATE_METHOD_MATCH = YES;
				COPY_PHASE_STRIP = NO;
				DEBUG_INFORMATION_FORMAT = dwarf;
				ENABLE_STRICT_OBJC_MSGSEND = YES;
				ENABLE_TESTABILITY = YES;
				GCC_C_LANGUAGE_STANDARD = gnu11;
				GCC_DYNAMIC_NO_PIC = NO;
				GCC_NO_COMMON_BLOCKS = YES;
				GCC_OPTIMIZATION_LEVEL = 0;
				GCC_PREPROCESSOR_DEFINITIONS = (
					"DEBUG=1",
					"$(inherited)",
				);
				GCC_WARN_64_TO_32_BIT_CONVERSION = YES;
				GCC_WARN_ABOUT_RETURN_TYPE = YES_ERROR;
				GCC_WARN_UNDECLARED_SELECTOR = YES;
				GCC_WARN_UNINITIALIZED_AUTOS = YES_AGGRESSIVE;
				GCC_WARN_UNUSED_FUNCTION = YES;
				GCC_WARN_UNUSED_VARIABLE = YES;
				IPHONEOS_DEPLOYMENT_TARGET = 13.2;
				MTL_ENABLE_DEBUG_INFO = INCLUDE_SOURCE;
				MTL_FAST_MATH = YES;
				ONLY_ACTIVE_ARCH = YES;
				SDKROOT = iphoneos;
				SWIFT_ACTIVE_COMPILATION_CONDITIONS = DEBUG;
				SWIFT_OPTIMIZATION_LEVEL = "-Onone";
			};
			name = Debug;
		};
		43BCA1CF23708EDC00A8F3EE /* Release */ = {
			isa = XCBuildConfiguration;
			buildSettings = {
				ALWAYS_SEARCH_USER_PATHS = NO;
				CLANG_ANALYZER_NONNULL = YES;
				CLANG_ANALYZER_NUMBER_OBJECT_CONVERSION = YES_AGGRESSIVE;
				CLANG_CXX_LANGUAGE_STANDARD = "gnu++14";
				CLANG_CXX_LIBRARY = "libc++";
				CLANG_ENABLE_MODULES = YES;
				CLANG_ENABLE_OBJC_ARC = YES;
				CLANG_ENABLE_OBJC_WEAK = YES;
				CLANG_WARN_BLOCK_CAPTURE_AUTORELEASING = YES;
				CLANG_WARN_BOOL_CONVERSION = YES;
				CLANG_WARN_COMMA = YES;
				CLANG_WARN_CONSTANT_CONVERSION = YES;
				CLANG_WARN_DEPRECATED_OBJC_IMPLEMENTATIONS = YES;
				CLANG_WARN_DIRECT_OBJC_ISA_USAGE = YES_ERROR;
				CLANG_WARN_DOCUMENTATION_COMMENTS = YES;
				CLANG_WARN_EMPTY_BODY = YES;
				CLANG_WARN_ENUM_CONVERSION = YES;
				CLANG_WARN_INFINITE_RECURSION = YES;
				CLANG_WARN_INT_CONVERSION = YES;
				CLANG_WARN_NON_LITERAL_NULL_CONVERSION = YES;
				CLANG_WARN_OBJC_IMPLICIT_RETAIN_SELF = YES;
				CLANG_WARN_OBJC_LITERAL_CONVERSION = YES;
				CLANG_WARN_OBJC_ROOT_CLASS = YES_ERROR;
				CLANG_WARN_RANGE_LOOP_ANALYSIS = YES;
				CLANG_WARN_STRICT_PROTOTYPES = YES;
				CLANG_WARN_SUSPICIOUS_MOVE = YES;
				CLANG_WARN_UNGUARDED_AVAILABILITY = YES_AGGRESSIVE;
				CLANG_WARN_UNREACHABLE_CODE = YES;
				CLANG_WARN__DUPLICATE_METHOD_MATCH = YES;
				COPY_PHASE_STRIP = NO;
				DEBUG_INFORMATION_FORMAT = "dwarf-with-dsym";
				ENABLE_NS_ASSERTIONS = NO;
				ENABLE_STRICT_OBJC_MSGSEND = YES;
				GCC_C_LANGUAGE_STANDARD = gnu11;
				GCC_NO_COMMON_BLOCKS = YES;
				GCC_WARN_64_TO_32_BIT_CONVERSION = YES;
				GCC_WARN_ABOUT_RETURN_TYPE = YES_ERROR;
				GCC_WARN_UNDECLARED_SELECTOR = YES;
				GCC_WARN_UNINITIALIZED_AUTOS = YES_AGGRESSIVE;
				GCC_WARN_UNUSED_FUNCTION = YES;
				GCC_WARN_UNUSED_VARIABLE = YES;
				IPHONEOS_DEPLOYMENT_TARGET = 13.2;
				MTL_ENABLE_DEBUG_INFO = NO;
				MTL_FAST_MATH = YES;
				SDKROOT = iphoneos;
				SWIFT_COMPILATION_MODE = wholemodule;
				SWIFT_OPTIMIZATION_LEVEL = "-O";
				VALIDATE_PRODUCT = YES;
			};
			name = Release;
		};
		43BCA1D123708EDC00A8F3EE /* Debug */ = {
			isa = XCBuildConfiguration;
			buildSettings = {
				ASSETCATALOG_COMPILER_APPICON_NAME = AppIcon;
				CODE_SIGN_STYLE = Automatic;
				INFOPLIST_FILE = "SimpleRedditClient/Supporting Files/Info.plist";
				LD_RUNPATH_SEARCH_PATHS = (
					"$(inherited)",
					"@executable_path/Frameworks",
				);
				PRODUCT_BUNDLE_IDENTIFIER = "com.bg-apps.SimpleRedditClient";
				PRODUCT_NAME = "$(TARGET_NAME)";
				SWIFT_VERSION = 5.0;
				TARGETED_DEVICE_FAMILY = "1,2";
			};
			name = Debug;
		};
		43BCA1D223708EDC00A8F3EE /* Release */ = {
			isa = XCBuildConfiguration;
			buildSettings = {
				ASSETCATALOG_COMPILER_APPICON_NAME = AppIcon;
				CODE_SIGN_STYLE = Automatic;
				INFOPLIST_FILE = "SimpleRedditClient/Supporting Files/Info.plist";
				LD_RUNPATH_SEARCH_PATHS = (
					"$(inherited)",
					"@executable_path/Frameworks",
				);
				PRODUCT_BUNDLE_IDENTIFIER = "com.bg-apps.SimpleRedditClient";
				PRODUCT_NAME = "$(TARGET_NAME)";
				SWIFT_VERSION = 5.0;
				TARGETED_DEVICE_FAMILY = "1,2";
			};
			name = Release;
		};
/* End XCBuildConfiguration section */

/* Begin XCConfigurationList section */
		43BCA1B723708EDB00A8F3EE /* Build configuration list for PBXProject "SimpleRedditClient" */ = {
			isa = XCConfigurationList;
			buildConfigurations = (
				43BCA1CE23708EDC00A8F3EE /* Debug */,
				43BCA1CF23708EDC00A8F3EE /* Release */,
			);
			defaultConfigurationIsVisible = 0;
			defaultConfigurationName = Release;
		};
		43BCA1D023708EDC00A8F3EE /* Build configuration list for PBXNativeTarget "SimpleRedditClient" */ = {
			isa = XCConfigurationList;
			buildConfigurations = (
				43BCA1D123708EDC00A8F3EE /* Debug */,
				43BCA1D223708EDC00A8F3EE /* Release */,
			);
			defaultConfigurationIsVisible = 0;
			defaultConfigurationName = Release;
		};
/* End XCConfigurationList section */
	};
	rootObject = 43BCA1B423708EDB00A8F3EE /* Project object */;
}
